
Microsoft Visual Studio Solution File, Format Version 12.00
# Visual Studio Version 17
VisualStudioVersion = 17.0.31903.59
MinimumVisualStudioVersion = 10.0.40219.1
Project("{9A19103F-16F7-4668-BE54-9A1E7A4F7556}") = "myApp", "src\myApp\myApp.csproj", "{B4C3D23A-EB74-4FB5-BADD-FEFCE12107E9}"
EndProject
Project("{151D2E53-A2C4-4D7D-83FE-D05416EBD58E}") = "vsDeploy", "infra\vsDeploy\vsDeploy.deployproj", "{2A15059E-0ACA-4FC7-8206-26C1D22A4F9A}"
EndProject
Global
	GlobalSection(SolutionConfigurationPlatforms) = preSolution
		Debug|Any CPU = Debug|Any CPU
		Release|Any CPU = Release|Any CPU
	EndGlobalSection
	GlobalSection(ProjectConfigurationPlatforms) = postSolution
		{B4C3D23A-EB74-4FB5-BADD-FEFCE12107E9}.Debug|Any CPU.ActiveCfg = Debug|Any CPU
		{B4C3D23A-EB74-4FB5-BADD-FEFCE12107E9}.Debug|Any CPU.Build.0 = Debug|Any CPU
		{B4C3D23A-EB74-4FB5-BADD-FEFCE12107E9}.Release|Any CPU.ActiveCfg = Release|Any CPU
		{B4C3D23A-EB74-4FB5-BADD-FEFCE12107E9}.Release|Any CPU.Build.0 = Release|Any CPU
		{2A15059E-0ACA-4FC7-8206-26C1D22A4F9A}.Debug|Any CPU.ActiveCfg = Debug|Any CPU
		{2A15059E-0ACA-4FC7-8206-26C1D22A4F9A}.Debug|Any CPU.Build.0 = Debug|Any CPU
		{2A15059E-0ACA-4FC7-8206-26C1D22A4F9A}.Release|Any CPU.ActiveCfg = Release|Any CPU
		{2A15059E-0ACA-4FC7-8206-26C1D22A4F9A}.Release|Any CPU.Build.0 = Release|Any CPU
	EndGlobalSection
	GlobalSection(SolutionProperties) = preSolution
		HideSolutionNode = FALSE
	EndGlobalSection
	GlobalSection(ExtensibilityGlobals) = postSolution
		SolutionGuid = {7C3AC323-2149-4635-AABF-90B8CC356328}
	EndGlobalSection
EndGlobal
